// !$*UTF8*$!
{
	archiveVersion = 1;
	classes = {
	};
	objectVersion = 46;
	objects = {

/* Begin PBXBuildFile section */
		16F6BAA8C45243978BB6AC64 /* Pods_TIPR.framework in Frameworks */ = {isa = PBXBuildFile; fileRef = DBD1C1646FD692237E35B032 /* Pods_TIPR.framework */; };
		9BC1C4C2431D8B4C28965D92 /* Pods_TIPRUITests.framework in Frameworks */ = {isa = PBXBuildFile; fileRef = 345DD9FF73A99405F001E0C8 /* Pods_TIPRUITests.framework */; };
		B81F08991E9937F800CA96FF /* Core.swift in Sources */ = {isa = PBXBuildFile; fileRef = B81F08981E9937F800CA96FF /* Core.swift */; };
		B81F089B1E99381800CA96FF /* Payee.swift in Sources */ = {isa = PBXBuildFile; fileRef = B81F089A1E99381800CA96FF /* Payee.swift */; };
		B81F089F1E99439500CA96FF /* AddServiceVC.swift in Sources */ = {isa = PBXBuildFile; fileRef = B81F089E1E99439500CA96FF /* AddServiceVC.swift */; };
		B81F08A11E9944B000CA96FF /* serviceListController.swift in Sources */ = {isa = PBXBuildFile; fileRef = B81F08A01E9944B000CA96FF /* serviceListController.swift */; };
		B81F08A31E9949EE00CA96FF /* serviceList.swift in Sources */ = {isa = PBXBuildFile; fileRef = B81F08A21E9949EE00CA96FF /* serviceList.swift */; };
		B81F08A51E995F0800CA96FF /* GoogleService-Info.plist in Resources */ = {isa = PBXBuildFile; fileRef = B81F08A41E995F0800CA96FF /* GoogleService-Info.plist */; };
		B81F08A91E996F4A00CA96FF /* Services.swift in Sources */ = {isa = PBXBuildFile; fileRef = B81F08A81E996F4A00CA96FF /* Services.swift */; };
		B81F08AB1E997D9D00CA96FF /* George.jpg in Resources */ = {isa = PBXBuildFile; fileRef = B81F08AA1E997D9D00CA96FF /* George.jpg */; };
		B81F08AD1E997EA100CA96FF /* download.jpeg in Resources */ = {isa = PBXBuildFile; fileRef = B81F08AC1E997EA100CA96FF /* download.jpeg */; };
		B81F08AF1E997F5C00CA96FF /* ThankYouVC.swift in Sources */ = {isa = PBXBuildFile; fileRef = B81F08AE1E997F5C00CA96FF /* ThankYouVC.swift */; };
		B81F08B31E998D2C00CA96FF /* profile-placeholder.png in Resources */ = {isa = PBXBuildFile; fileRef = B81F08B21E998D2C00CA96FF /* profile-placeholder.png */; };
		B879B1D11E991A8100E3F4C2 /* AppDelegate.swift in Sources */ = {isa = PBXBuildFile; fileRef = B879B1D01E991A8100E3F4C2 /* AppDelegate.swift */; };
		B879B1D31E991A8100E3F4C2 /* ViewController.swift in Sources */ = {isa = PBXBuildFile; fileRef = B879B1D21E991A8100E3F4C2 /* ViewController.swift */; };
		B879B1D61E991A8100E3F4C2 /* Main.storyboard in Resources */ = {isa = PBXBuildFile; fileRef = B879B1D41E991A8100E3F4C2 /* Main.storyboard */; };
		B879B1D81E991A8100E3F4C2 /* Assets.xcassets in Resources */ = {isa = PBXBuildFile; fileRef = B879B1D71E991A8100E3F4C2 /* Assets.xcassets */; };
		B879B1DB1E991A8100E3F4C2 /* LaunchScreen.storyboard in Resources */ = {isa = PBXBuildFile; fileRef = B879B1D91E991A8100E3F4C2 /* LaunchScreen.storyboard */; };
		B879B1E61E991A8100E3F4C2 /* TIPRTests.swift in Sources */ = {isa = PBXBuildFile; fileRef = B879B1E51E991A8100E3F4C2 /* TIPRTests.swift */; };
		B879B1F11E991A8100E3F4C2 /* TIPRUITests.swift in Sources */ = {isa = PBXBuildFile; fileRef = B879B1F01E991A8100E3F4C2 /* TIPRUITests.swift */; };
		B879B1FF1E991EAC00E3F4C2 /* Screen2VC.swift in Sources */ = {isa = PBXBuildFile; fileRef = B879B1FE1E991EAC00E3F4C2 /* Screen2VC.swift */; };
		B879B2031E9924C800E3F4C2 /* payeeList.swift in Sources */ = {isa = PBXBuildFile; fileRef = B879B2021E9924C800E3F4C2 /* payeeList.swift */; };
		B879B2071E99311400E3F4C2 /* AddPayeeVC.swift in Sources */ = {isa = PBXBuildFile; fileRef = B879B2061E99311400E3F4C2 /* AddPayeeVC.swift */; };
		B879B2091E99345B00E3F4C2 /* SendTipVC.swift in Sources */ = {isa = PBXBuildFile; fileRef = B879B2081E99345B00E3F4C2 /* SendTipVC.swift */; };
		F9AF03DDB960CEC7264DA6D2 /* Pods_TIPRTests.framework in Frameworks */ = {isa = PBXBuildFile; fileRef = 6330866204771DDAF715901F /* Pods_TIPRTests.framework */; };
/* End PBXBuildFile section */

/* Begin PBXContainerItemProxy section */
		B879B1E21E991A8100E3F4C2 /* PBXContainerItemProxy */ = {
			isa = PBXContainerItemProxy;
			containerPortal = B879B1C51E991A8100E3F4C2 /* Project object */;
			proxyType = 1;
			remoteGlobalIDString = B879B1CC1E991A8100E3F4C2;
			remoteInfo = TIPR;
		};
		B879B1ED1E991A8100E3F4C2 /* PBXContainerItemProxy */ = {
			isa = PBXContainerItemProxy;
			containerPortal = B879B1C51E991A8100E3F4C2 /* Project object */;
			proxyType = 1;
			remoteGlobalIDString = B879B1CC1E991A8100E3F4C2;
			remoteInfo = TIPR;
		};
/* End PBXContainerItemProxy section */

/* Begin PBXFileReference section */
		305D6F707E2689F07DA56DD6 /* Pods-TIPRTests.debug.xcconfig */ = {isa = PBXFileReference; includeInIndex = 1; lastKnownFileType = text.xcconfig; name = "Pods-TIPRTests.debug.xcconfig"; path = "Pods/Target Support Files/Pods-TIPRTests/Pods-TIPRTests.debug.xcconfig"; sourceTree = "<group>"; };
		345DD9FF73A99405F001E0C8 /* Pods_TIPRUITests.framework */ = {isa = PBXFileReference; explicitFileType = wrapper.framework; includeInIndex = 0; path = Pods_TIPRUITests.framework; sourceTree = BUILT_PRODUCTS_DIR; };
		49C6952350457F313C26D11D /* Pods-TIPR.release.xcconfig */ = {isa = PBXFileReference; includeInIndex = 1; lastKnownFileType = text.xcconfig; name = "Pods-TIPR.release.xcconfig"; path = "Pods/Target Support Files/Pods-TIPR/Pods-TIPR.release.xcconfig"; sourceTree = "<group>"; };
		6330866204771DDAF715901F /* Pods_TIPRTests.framework */ = {isa = PBXFileReference; explicitFileType = wrapper.framework; includeInIndex = 0; path = Pods_TIPRTests.framework; sourceTree = BUILT_PRODUCTS_DIR; };
		9A7FC386FAB61E645AF55C33 /* Pods-TIPRTests.release.xcconfig */ = {isa = PBXFileReference; includeInIndex = 1; lastKnownFileType = text.xcconfig; name = "Pods-TIPRTests.release.xcconfig"; path = "Pods/Target Support Files/Pods-TIPRTests/Pods-TIPRTests.release.xcconfig"; sourceTree = "<group>"; };
		B81F08981E9937F800CA96FF /* Core.swift */ = {isa = PBXFileReference; fileEncoding = 4; lastKnownFileType = sourcecode.swift; path = Core.swift; sourceTree = "<group>"; };
		B81F089A1E99381800CA96FF /* Payee.swift */ = {isa = PBXFileReference; fileEncoding = 4; lastKnownFileType = sourcecode.swift; path = Payee.swift; sourceTree = "<group>"; };
		B81F089E1E99439500CA96FF /* AddServiceVC.swift */ = {isa = PBXFileReference; fileEncoding = 4; lastKnownFileType = sourcecode.swift; name = AddServiceVC.swift; path = ../AddServiceVC.swift; sourceTree = "<group>"; };
		B81F08A01E9944B000CA96FF /* serviceListController.swift */ = {isa = PBXFileReference; fileEncoding = 4; lastKnownFileType = sourcecode.swift; path = serviceListController.swift; sourceTree = "<group>"; };
		B81F08A21E9949EE00CA96FF /* serviceList.swift */ = {isa = PBXFileReference; fileEncoding = 4; lastKnownFileType = sourcecode.swift; path = serviceList.swift; sourceTree = "<group>"; };
		B81F08A41E995F0800CA96FF /* GoogleService-Info.plist */ = {isa = PBXFileReference; fileEncoding = 4; lastKnownFileType = text.plist.xml; path = "GoogleService-Info.plist"; sourceTree = "<group>"; };
		B81F08A81E996F4A00CA96FF /* Services.swift */ = {isa = PBXFileReference; fileEncoding = 4; lastKnownFileType = sourcecode.swift; path = Services.swift; sourceTree = "<group>"; };
		B81F08AA1E997D9D00CA96FF /* George.jpg */ = {isa = PBXFileReference; lastKnownFileType = image.jpeg; path = George.jpg; sourceTree = "<group>"; };
		B81F08AC1E997EA100CA96FF /* download.jpeg */ = {isa = PBXFileReference; lastKnownFileType = image.jpeg; path = download.jpeg; sourceTree = "<group>"; };
		B81F08AE1E997F5C00CA96FF /* ThankYouVC.swift */ = {isa = PBXFileReference; fileEncoding = 4; lastKnownFileType = sourcecode.swift; path = ThankYouVC.swift; sourceTree = "<group>"; };
		B81F08B21E998D2C00CA96FF /* profile-placeholder.png */ = {isa = PBXFileReference; lastKnownFileType = image.png; path = "profile-placeholder.png"; sourceTree = "<group>"; };
		B879B1CD1E991A8100E3F4C2 /* TIPR.app */ = {isa = PBXFileReference; explicitFileType = wrapper.application; includeInIndex = 0; path = TIPR.app; sourceTree = BUILT_PRODUCTS_DIR; };
		B879B1D01E991A8100E3F4C2 /* AppDelegate.swift */ = {isa = PBXFileReference; lastKnownFileType = sourcecode.swift; path = AppDelegate.swift; sourceTree = "<group>"; };
		B879B1D21E991A8100E3F4C2 /* ViewController.swift */ = {isa = PBXFileReference; lastKnownFileType = sourcecode.swift; path = ViewController.swift; sourceTree = "<group>"; };
		B879B1D51E991A8100E3F4C2 /* Base */ = {isa = PBXFileReference; lastKnownFileType = file.storyboard; name = Base; path = Base.lproj/Main.storyboard; sourceTree = "<group>"; };
		B879B1D71E991A8100E3F4C2 /* Assets.xcassets */ = {isa = PBXFileReference; lastKnownFileType = folder.assetcatalog; path = Assets.xcassets; sourceTree = "<group>"; };
		B879B1DA1E991A8100E3F4C2 /* Base */ = {isa = PBXFileReference; lastKnownFileType = file.storyboard; name = Base; path = Base.lproj/LaunchScreen.storyboard; sourceTree = "<group>"; };
		B879B1DC1E991A8100E3F4C2 /* Info.plist */ = {isa = PBXFileReference; lastKnownFileType = text.plist.xml; path = Info.plist; sourceTree = "<group>"; };
		B879B1E11E991A8100E3F4C2 /* TIPRTests.xctest */ = {isa = PBXFileReference; explicitFileType = wrapper.cfbundle; includeInIndex = 0; path = TIPRTests.xctest; sourceTree = BUILT_PRODUCTS_DIR; };
		B879B1E51E991A8100E3F4C2 /* TIPRTests.swift */ = {isa = PBXFileReference; lastKnownFileType = sourcecode.swift; path = TIPRTests.swift; sourceTree = "<group>"; };
		B879B1E71E991A8100E3F4C2 /* Info.plist */ = {isa = PBXFileReference; lastKnownFileType = text.plist.xml; path = Info.plist; sourceTree = "<group>"; };
		B879B1EC1E991A8100E3F4C2 /* TIPRUITests.xctest */ = {isa = PBXFileReference; explicitFileType = wrapper.cfbundle; includeInIndex = 0; path = TIPRUITests.xctest; sourceTree = BUILT_PRODUCTS_DIR; };
		B879B1F01E991A8100E3F4C2 /* TIPRUITests.swift */ = {isa = PBXFileReference; lastKnownFileType = sourcecode.swift; path = TIPRUITests.swift; sourceTree = "<group>"; };
		B879B1F21E991A8100E3F4C2 /* Info.plist */ = {isa = PBXFileReference; lastKnownFileType = text.plist.xml; path = Info.plist; sourceTree = "<group>"; };
		B879B1FE1E991EAC00E3F4C2 /* Screen2VC.swift */ = {isa = PBXFileReference; fileEncoding = 4; lastKnownFileType = sourcecode.swift; path = Screen2VC.swift; sourceTree = "<group>"; };
		B879B2021E9924C800E3F4C2 /* payeeList.swift */ = {isa = PBXFileReference; fileEncoding = 4; lastKnownFileType = sourcecode.swift; path = payeeList.swift; sourceTree = "<group>"; };
		B879B2061E99311400E3F4C2 /* AddPayeeVC.swift */ = {isa = PBXFileReference; fileEncoding = 4; lastKnownFileType = sourcecode.swift; path = AddPayeeVC.swift; sourceTree = "<group>"; };
		B879B2081E99345B00E3F4C2 /* SendTipVC.swift */ = {isa = PBXFileReference; fileEncoding = 4; lastKnownFileType = sourcecode.swift; name = SendTipVC.swift; path = ../SendTipVC.swift; sourceTree = "<group>"; };
		B99F65DDF9479A436BF83CD4 /* Pods-TIPRUITests.debug.xcconfig */ = {isa = PBXFileReference; includeInIndex = 1; lastKnownFileType = text.xcconfig; name = "Pods-TIPRUITests.debug.xcconfig"; path = "Pods/Target Support Files/Pods-TIPRUITests/Pods-TIPRUITests.debug.xcconfig"; sourceTree = "<group>"; };
		C2F666335C0562C6CB38BC2C /* Pods-TIPRUITests.release.xcconfig */ = {isa = PBXFileReference; includeInIndex = 1; lastKnownFileType = text.xcconfig; name = "Pods-TIPRUITests.release.xcconfig"; path = "Pods/Target Support Files/Pods-TIPRUITests/Pods-TIPRUITests.release.xcconfig"; sourceTree = "<group>"; };
		C98616AFCC569A0D0A7ACA86 /* Pods-TIPR.debug.xcconfig */ = {isa = PBXFileReference; includeInIndex = 1; lastKnownFileType = text.xcconfig; name = "Pods-TIPR.debug.xcconfig"; path = "Pods/Target Support Files/Pods-TIPR/Pods-TIPR.debug.xcconfig"; sourceTree = "<group>"; };
		DBD1C1646FD692237E35B032 /* Pods_TIPR.framework */ = {isa = PBXFileReference; explicitFileType = wrapper.framework; includeInIndex = 0; path = Pods_TIPR.framework; sourceTree = BUILT_PRODUCTS_DIR; };
/* End PBXFileReference section */

/* Begin PBXFrameworksBuildPhase section */
		B879B1CA1E991A8100E3F4C2 /* Frameworks */ = {
			isa = PBXFrameworksBuildPhase;
			buildActionMask = 2147483647;
			files = (
				16F6BAA8C45243978BB6AC64 /* Pods_TIPR.framework in Frameworks */,
			);
			runOnlyForDeploymentPostprocessing = 0;
		};
		B879B1DE1E991A8100E3F4C2 /* Frameworks */ = {
			isa = PBXFrameworksBuildPhase;
			buildActionMask = 2147483647;
			files = (
				F9AF03DDB960CEC7264DA6D2 /* Pods_TIPRTests.framework in Frameworks */,
			);
			runOnlyForDeploymentPostprocessing = 0;
		};
		B879B1E91E991A8100E3F4C2 /* Frameworks */ = {
			isa = PBXFrameworksBuildPhase;
			buildActionMask = 2147483647;
			files = (
				9BC1C4C2431D8B4C28965D92 /* Pods_TIPRUITests.framework in Frameworks */,
			);
			runOnlyForDeploymentPostprocessing = 0;
		};
/* End PBXFrameworksBuildPhase section */

/* Begin PBXGroup section */
		998E6C6354AC3AC2DE57997C /* Frameworks */ = {
			isa = PBXGroup;
			children = (
				DBD1C1646FD692237E35B032 /* Pods_TIPR.framework */,
				6330866204771DDAF715901F /* Pods_TIPRTests.framework */,
				345DD9FF73A99405F001E0C8 /* Pods_TIPRUITests.framework */,
			);
			name = Frameworks;
			sourceTree = "<group>";
		};
		B879B1C41E991A8100E3F4C2 = {
			isa = PBXGroup;
			children = (
				B879B1CF1E991A8100E3F4C2 /* TIPR */,
				B879B1E41E991A8100E3F4C2 /* TIPRTests */,
				B879B1EF1E991A8100E3F4C2 /* TIPRUITests */,
				B879B1CE1E991A8100E3F4C2 /* Products */,
				D61697B7C0628E443E45C8B6 /* Pods */,
				998E6C6354AC3AC2DE57997C /* Frameworks */,
			);
			sourceTree = "<group>";
		};
		B879B1CE1E991A8100E3F4C2 /* Products */ = {
			isa = PBXGroup;
			children = (
				B879B1CD1E991A8100E3F4C2 /* TIPR.app */,
				B879B1E11E991A8100E3F4C2 /* TIPRTests.xctest */,
				B879B1EC1E991A8100E3F4C2 /* TIPRUITests.xctest */,
			);
			name = Products;
			sourceTree = "<group>";
		};
		B879B1CF1E991A8100E3F4C2 /* TIPR */ = {
			isa = PBXGroup;
			children = (
				B81F08B21E998D2C00CA96FF /* profile-placeholder.png */,
				B81F08AC1E997EA100CA96FF /* download.jpeg */,
				B81F08AA1E997D9D00CA96FF /* George.jpg */,
				B81F08A41E995F0800CA96FF /* GoogleService-Info.plist */,
				B879B1D01E991A8100E3F4C2 /* AppDelegate.swift */,
				B81F089E1E99439500CA96FF /* AddServiceVC.swift */,
				B879B2081E99345B00E3F4C2 /* SendTipVC.swift */,
				B879B1D21E991A8100E3F4C2 /* ViewController.swift */,
				B879B1D41E991A8100E3F4C2 /* Main.storyboard */,
				B81F08AE1E997F5C00CA96FF /* ThankYouVC.swift */,
				B81F08A21E9949EE00CA96FF /* serviceList.swift */,
				B81F08A01E9944B000CA96FF /* serviceListController.swift */,
				B879B1FE1E991EAC00E3F4C2 /* Screen2VC.swift */,
				B879B1D71E991A8100E3F4C2 /* Assets.xcassets */,
				B879B1D91E991A8100E3F4C2 /* LaunchScreen.storyboard */,
				B879B1DC1E991A8100E3F4C2 /* Info.plist */,
				B879B2021E9924C800E3F4C2 /* payeeList.swift */,
				B879B2061E99311400E3F4C2 /* AddPayeeVC.swift */,
				B81F08981E9937F800CA96FF /* Core.swift */,
				B81F089A1E99381800CA96FF /* Payee.swift */,
				B81F08A81E996F4A00CA96FF /* Services.swift */,
			);
			path = TIPR;
			sourceTree = "<group>";
		};
		B879B1E41E991A8100E3F4C2 /* TIPRTests */ = {
			isa = PBXGroup;
			children = (
				B879B1E51E991A8100E3F4C2 /* TIPRTests.swift */,
				B879B1E71E991A8100E3F4C2 /* Info.plist */,
			);
			path = TIPRTests;
			sourceTree = "<group>";
		};
		B879B1EF1E991A8100E3F4C2 /* TIPRUITests */ = {
			isa = PBXGroup;
			children = (
				B879B1F01E991A8100E3F4C2 /* TIPRUITests.swift */,
				B879B1F21E991A8100E3F4C2 /* Info.plist */,
			);
			path = TIPRUITests;
			sourceTree = "<group>";
		};
		D61697B7C0628E443E45C8B6 /* Pods */ = {
			isa = PBXGroup;
			children = (
				C98616AFCC569A0D0A7ACA86 /* Pods-TIPR.debug.xcconfig */,
				49C6952350457F313C26D11D /* Pods-TIPR.release.xcconfig */,
				305D6F707E2689F07DA56DD6 /* Pods-TIPRTests.debug.xcconfig */,
				9A7FC386FAB61E645AF55C33 /* Pods-TIPRTests.release.xcconfig */,
				B99F65DDF9479A436BF83CD4 /* Pods-TIPRUITests.debug.xcconfig */,
				C2F666335C0562C6CB38BC2C /* Pods-TIPRUITests.release.xcconfig */,
			);
			name = Pods;
			sourceTree = "<group>";
		};
/* End PBXGroup section */

/* Begin PBXNativeTarget section */
		B879B1CC1E991A8100E3F4C2 /* TIPR */ = {
			isa = PBXNativeTarget;
			buildConfigurationList = B879B1F51E991A8100E3F4C2 /* Build configuration list for PBXNativeTarget "TIPR" */;
			buildPhases = (
				2E303D066F3294C7261F575B /* [CP] Check Pods Manifest.lock */,
				B879B1C91E991A8100E3F4C2 /* Sources */,
				B879B1CA1E991A8100E3F4C2 /* Frameworks */,
				B879B1CB1E991A8100E3F4C2 /* Resources */,
				674F864C009AA46C5BECE898 /* [CP] Embed Pods Frameworks */,
				4FB434A092B51D3A82DF4501 /* [CP] Copy Pods Resources */,
			);
			buildRules = (
			);
			dependencies = (
			);
			name = TIPR;
			productName = TIPR;
			productReference = B879B1CD1E991A8100E3F4C2 /* TIPR.app */;
			productType = "com.apple.product-type.application";
		};
		B879B1E01E991A8100E3F4C2 /* TIPRTests */ = {
			isa = PBXNativeTarget;
			buildConfigurationList = B879B1F81E991A8100E3F4C2 /* Build configuration list for PBXNativeTarget "TIPRTests" */;
			buildPhases = (
				774CFAEAA413FD52A1907A21 /* [CP] Check Pods Manifest.lock */,
				B879B1DD1E991A8100E3F4C2 /* Sources */,
				B879B1DE1E991A8100E3F4C2 /* Frameworks */,
				B879B1DF1E991A8100E3F4C2 /* Resources */,
				CDAA8740A524BF22CAF63515 /* [CP] Embed Pods Frameworks */,
				A98C82B5AC11EFFDBF4A31D4 /* [CP] Copy Pods Resources */,
			);
			buildRules = (
			);
			dependencies = (
				B879B1E31E991A8100E3F4C2 /* PBXTargetDependency */,
			);
			name = TIPRTests;
			productName = TIPRTests;
			productReference = B879B1E11E991A8100E3F4C2 /* TIPRTests.xctest */;
			productType = "com.apple.product-type.bundle.unit-test";
		};
		B879B1EB1E991A8100E3F4C2 /* TIPRUITests */ = {
			isa = PBXNativeTarget;
			buildConfigurationList = B879B1FB1E991A8100E3F4C2 /* Build configuration list for PBXNativeTarget "TIPRUITests" */;
			buildPhases = (
				3D6C175B287B5775F6B6B5B0 /* [CP] Check Pods Manifest.lock */,
				B879B1E81E991A8100E3F4C2 /* Sources */,
				B879B1E91E991A8100E3F4C2 /* Frameworks */,
				B879B1EA1E991A8100E3F4C2 /* Resources */,
				D3241E8892746CEAD32073A4 /* [CP] Embed Pods Frameworks */,
				40A10F835DDEE01699344CD0 /* [CP] Copy Pods Resources */,
			);
			buildRules = (
			);
			dependencies = (
				B879B1EE1E991A8100E3F4C2 /* PBXTargetDependency */,
			);
			name = TIPRUITests;
			productName = TIPRUITests;
			productReference = B879B1EC1E991A8100E3F4C2 /* TIPRUITests.xctest */;
			productType = "com.apple.product-type.bundle.ui-testing";
		};
/* End PBXNativeTarget section */

/* Begin PBXProject section */
		B879B1C51E991A8100E3F4C2 /* Project object */ = {
			isa = PBXProject;
			attributes = {
				LastSwiftUpdateCheck = 0830;
				LastUpgradeCheck = 0830;
				ORGANIZATIONNAME = thinkful;
				TargetAttributes = {
					B879B1CC1E991A8100E3F4C2 = {
						CreatedOnToolsVersion = 8.3.1;
						ProvisioningStyle = Automatic;
					};
					B879B1E01E991A8100E3F4C2 = {
						CreatedOnToolsVersion = 8.3.1;
						ProvisioningStyle = Automatic;
						TestTargetID = B879B1CC1E991A8100E3F4C2;
					};
					B879B1EB1E991A8100E3F4C2 = {
						CreatedOnToolsVersion = 8.3.1;
						ProvisioningStyle = Automatic;
						TestTargetID = B879B1CC1E991A8100E3F4C2;
					};
				};
			};
			buildConfigurationList = B879B1C81E991A8100E3F4C2 /* Build configuration list for PBXProject "TIPR" */;
			compatibilityVersion = "Xcode 3.2";
			developmentRegion = English;
			hasScannedForEncodings = 0;
			knownRegions = (
				en,
				Base,
			);
			mainGroup = B879B1C41E991A8100E3F4C2;
			productRefGroup = B879B1CE1E991A8100E3F4C2 /* Products */;
			projectDirPath = "";
			projectRoot = "";
			targets = (
				B879B1CC1E991A8100E3F4C2 /* TIPR */,
				B879B1E01E991A8100E3F4C2 /* TIPRTests */,
				B879B1EB1E991A8100E3F4C2 /* TIPRUITests */,
			);
		};
/* End PBXProject section */

/* Begin PBXResourcesBuildPhase section */
		B879B1CB1E991A8100E3F4C2 /* Resources */ = {
			isa = PBXResourcesBuildPhase;
			buildActionMask = 2147483647;
			files = (
				B81F08AB1E997D9D00CA96FF /* George.jpg in Resources */,
				B879B1DB1E991A8100E3F4C2 /* LaunchScreen.storyboard in Resources */,
				B81F08B31E998D2C00CA96FF /* profile-placeholder.png in Resources */,
				B81F08A51E995F0800CA96FF /* GoogleService-Info.plist in Resources */,
				B879B1D81E991A8100E3F4C2 /* Assets.xcassets in Resources */,
				B879B1D61E991A8100E3F4C2 /* Main.storyboard in Resources */,
				B81F08AD1E997EA100CA96FF /* download.jpeg in Resources */,
			);
			runOnlyForDeploymentPostprocessing = 0;
		};
		B879B1DF1E991A8100E3F4C2 /* Resources */ = {
			isa = PBXResourcesBuildPhase;
			buildActionMask = 2147483647;
			files = (
			);
			runOnlyForDeploymentPostprocessing = 0;
		};
		B879B1EA1E991A8100E3F4C2 /* Resources */ = {
			isa = PBXResourcesBuildPhase;
			buildActionMask = 2147483647;
			files = (
			);
			runOnlyForDeploymentPostprocessing = 0;
		};
/* End PBXResourcesBuildPhase section */

/* Begin PBXShellScriptBuildPhase section */
		2E303D066F3294C7261F575B /* [CP] Check Pods Manifest.lock */ = {
			isa = PBXShellScriptBuildPhase;
			buildActionMask = 2147483647;
			files = (
			);
			inputPaths = (
			);
			name = "[CP] Check Pods Manifest.lock";
			outputPaths = (
			);
			runOnlyForDeploymentPostprocessing = 0;
			shellPath = /bin/sh;
			shellScript = "diff \"${PODS_PODFILE_DIR_PATH}/Podfile.lock\" \"${PODS_ROOT}/Manifest.lock\" > /dev/null\nif [ $? != 0 ] ; then\n    # print error to STDERR\n    echo \"error: The sandbox is not in sync with the Podfile.lock. Run 'pod install' or update your CocoaPods installation.\" >&2\n    exit 1\nfi\n";
			showEnvVarsInLog = 0;
		};
		3D6C175B287B5775F6B6B5B0 /* [CP] Check Pods Manifest.lock */ = {
			isa = PBXShellScriptBuildPhase;
			buildActionMask = 2147483647;
			files = (
			);
			inputPaths = (
			);
			name = "[CP] Check Pods Manifest.lock";
			outputPaths = (
			);
			runOnlyForDeploymentPostprocessing = 0;
			shellPath = /bin/sh;
			shellScript = "diff \"${PODS_PODFILE_DIR_PATH}/Podfile.lock\" \"${PODS_ROOT}/Manifest.lock\" > /dev/null\nif [ $? != 0 ] ; then\n    # print error to STDERR\n    echo \"error: The sandbox is not in sync with the Podfile.lock. Run 'pod install' or update your CocoaPods installation.\" >&2\n    exit 1\nfi\n";
			showEnvVarsInLog = 0;
		};
		40A10F835DDEE01699344CD0 /* [CP] Copy Pods Resources */ = {
			isa = PBXShellScriptBuildPhase;
			buildActionMask = 2147483647;
			files = (
			);
			inputPaths = (
			);
			name = "[CP] Copy Pods Resources";
			outputPaths = (
			);
			runOnlyForDeploymentPostprocessing = 0;
			shellPath = /bin/sh;
			shellScript = "\"${SRCROOT}/Pods/Target Support Files/Pods-TIPRUITests/Pods-TIPRUITests-resources.sh\"\n";
			showEnvVarsInLog = 0;
		};
		4FB434A092B51D3A82DF4501 /* [CP] Copy Pods Resources */ = {
			isa = PBXShellScriptBuildPhase;
			buildActionMask = 2147483647;
			files = (
			);
			inputPaths = (
			);
			name = "[CP] Copy Pods Resources";
			outputPaths = (
			);
			runOnlyForDeploymentPostprocessing = 0;
			shellPath = /bin/sh;
			shellScript = "\"${SRCROOT}/Pods/Target Support Files/Pods-TIPR/Pods-TIPR-resources.sh\"\n";
			showEnvVarsInLog = 0;
		};
		674F864C009AA46C5BECE898 /* [CP] Embed Pods Frameworks */ = {
			isa = PBXShellScriptBuildPhase;
			buildActionMask = 2147483647;
			files = (
			);
			inputPaths = (
			);
			name = "[CP] Embed Pods Frameworks";
			outputPaths = (
			);
			runOnlyForDeploymentPostprocessing = 0;
			shellPath = /bin/sh;
			shellScript = "\"${SRCROOT}/Pods/Target Support Files/Pods-TIPR/Pods-TIPR-frameworks.sh\"\n";
			showEnvVarsInLog = 0;
		};
		774CFAEAA413FD52A1907A21 /* [CP] Check Pods Manifest.lock */ = {
			isa = PBXShellScriptBuildPhase;
			buildActionMask = 2147483647;
			files = (
			);
			inputPaths = (
			);
			name = "[CP] Check Pods Manifest.lock";
			outputPaths = (
			);
			runOnlyForDeploymentPostprocessing = 0;
			shellPath = /bin/sh;
			shellScript = "diff \"${PODS_PODFILE_DIR_PATH}/Podfile.lock\" \"${PODS_ROOT}/Manifest.lock\" > /dev/null\nif [ $? != 0 ] ; then\n    # print error to STDERR\n    echo \"error: The sandbox is not in sync with the Podfile.lock. Run 'pod install' or update your CocoaPods installation.\" >&2\n    exit 1\nfi\n";
			showEnvVarsInLog = 0;
		};
		A98C82B5AC11EFFDBF4A31D4 /* [CP] Copy Pods Resources */ = {
			isa = PBXShellScriptBuildPhase;
			buildActionMask = 2147483647;
			files = (
			);
			inputPaths = (
			);
			name = "[CP] Copy Pods Resources";
			outputPaths = (
			);
			runOnlyForDeploymentPostprocessing = 0;
			shellPath = /bin/sh;
			shellScript = "\"${SRCROOT}/Pods/Target Support Files/Pods-TIPRTests/Pods-TIPRTests-resources.sh\"\n";
			showEnvVarsInLog = 0;
		};
		CDAA8740A524BF22CAF63515 /* [CP] Embed Pods Frameworks */ = {
			isa = PBXShellScriptBuildPhase;
			buildActionMask = 2147483647;
			files = (
			);
			inputPaths = (
			);
			name = "[CP] Embed Pods Frameworks";
			outputPaths = (
			);
			runOnlyForDeploymentPostprocessing = 0;
			shellPath = /bin/sh;
			shellScript = "\"${SRCROOT}/Pods/Target Support Files/Pods-TIPRTests/Pods-TIPRTests-frameworks.sh\"\n";
			showEnvVarsInLog = 0;
		};
		D3241E8892746CEAD32073A4 /* [CP] Embed Pods Frameworks */ = {
			isa = PBXShellScriptBuildPhase;
			buildActionMask = 2147483647;
			files = (
			);
			inputPaths = (
			);
			name = "[CP] Embed Pods Frameworks";
			outputPaths = (
			);
			runOnlyForDeploymentPostprocessing = 0;
			shellPath = /bin/sh;
			shellScript = "\"${SRCROOT}/Pods/Target Support Files/Pods-TIPRUITests/Pods-TIPRUITests-frameworks.sh\"\n";
			showEnvVarsInLog = 0;
		};
/* End PBXShellScriptBuildPhase section */

/* Begin PBXSourcesBuildPhase section */
		B879B1C91E991A8100E3F4C2 /* Sources */ = {
			isa = PBXSourcesBuildPhase;
			buildActionMask = 2147483647;
			files = (
				B879B1FF1E991EAC00E3F4C2 /* Screen2VC.swift in Sources */,
				B81F08A91E996F4A00CA96FF /* Services.swift in Sources */,
				B81F08A31E9949EE00CA96FF /* serviceList.swift in Sources */,
				B879B2031E9924C800E3F4C2 /* payeeList.swift in Sources */,
				B81F089B1E99381800CA96FF /* Payee.swift in Sources */,
				B879B2091E99345B00E3F4C2 /* SendTipVC.swift in Sources */,
				B81F08991E9937F800CA96FF /* Core.swift in Sources */,
				B879B1D31E991A8100E3F4C2 /* ViewController.swift in Sources */,
				B879B2071E99311400E3F4C2 /* AddPayeeVC.swift in Sources */,
				B81F08AF1E997F5C00CA96FF /* ThankYouVC.swift in Sources */,
				B81F089F1E99439500CA96FF /* AddServiceVC.swift in Sources */,
				B879B1D11E991A8100E3F4C2 /* AppDelegate.swift in Sources */,
				B81F08A11E9944B000CA96FF /* serviceListController.swift in Sources */,
			);
			runOnlyForDeploymentPostprocessing = 0;
		};
		B879B1DD1E991A8100E3F4C2 /* Sources */ = {
			isa = PBXSourcesBuildPhase;
			buildActionMask = 2147483647;
			files = (
				B879B1E61E991A8100E3F4C2 /* TIPRTests.swift in Sources */,
			);
			runOnlyForDeploymentPostprocessing = 0;
		};
		B879B1E81E991A8100E3F4C2 /* Sources */ = {
			isa = PBXSourcesBuildPhase;
			buildActionMask = 2147483647;
			files = (
				B879B1F11E991A8100E3F4C2 /* TIPRUITests.swift in Sources */,
			);
			runOnlyForDeploymentPostprocessing = 0;
		};
/* End PBXSourcesBuildPhase section */

/* Begin PBXTargetDependency section */
		B879B1E31E991A8100E3F4C2 /* PBXTargetDependency */ = {
			isa = PBXTargetDependency;
			target = B879B1CC1E991A8100E3F4C2 /* TIPR */;
			targetProxy = B879B1E21E991A8100E3F4C2 /* PBXContainerItemProxy */;
		};
		B879B1EE1E991A8100E3F4C2 /* PBXTargetDependency */ = {
			isa = PBXTargetDependency;
			target = B879B1CC1E991A8100E3F4C2 /* TIPR */;
			targetProxy = B879B1ED1E991A8100E3F4C2 /* PBXContainerItemProxy */;
		};
/* End PBXTargetDependency section */

/* Begin PBXVariantGroup section */
		B879B1D41E991A8100E3F4C2 /* Main.storyboard */ = {
			isa = PBXVariantGroup;
			children = (
				B879B1D51E991A8100E3F4C2 /* Base */,
			);
			name = Main.storyboard;
			sourceTree = "<group>";
		};
		B879B1D91E991A8100E3F4C2 /* LaunchScreen.storyboard */ = {
			isa = PBXVariantGroup;
			children = (
				B879B1DA1E991A8100E3F4C2 /* Base */,
			);
			name = LaunchScreen.storyboard;
			sourceTree = "<group>";
		};
/* End PBXVariantGroup section */

/* Begin XCBuildConfiguration section */
		B879B1F31E991A8100E3F4C2 /* Debug */ = {
			isa = XCBuildConfiguration;
			buildSettings = {
				ALWAYS_SEARCH_USER_PATHS = NO;
				CLANG_ANALYZER_NONNULL = YES;
				CLANG_ANALYZER_NUMBER_OBJECT_CONVERSION = YES_AGGRESSIVE;
				CLANG_CXX_LANGUAGE_STANDARD = "gnu++0x";
				CLANG_CXX_LIBRARY = "libc++";
				CLANG_ENABLE_MODULES = YES;
				CLANG_ENABLE_OBJC_ARC = YES;
				CLANG_WARN_BOOL_CONVERSION = YES;
				CLANG_WARN_CONSTANT_CONVERSION = YES;
				CLANG_WARN_DIRECT_OBJC_ISA_USAGE = YES_ERROR;
				CLANG_WARN_DOCUMENTATION_COMMENTS = YES;
				CLANG_WARN_EMPTY_BODY = YES;
				CLANG_WARN_ENUM_CONVERSION = YES;
				CLANG_WARN_INFINITE_RECURSION = YES;
				CLANG_WARN_INT_CONVERSION = YES;
				CLANG_WARN_OBJC_ROOT_CLASS = YES_ERROR;
				CLANG_WARN_SUSPICIOUS_MOVE = YES;
				CLANG_WARN_UNREACHABLE_CODE = YES;
				CLANG_WARN__DUPLICATE_METHOD_MATCH = YES;
				"CODE_SIGN_IDENTITY[sdk=iphoneos*]" = "iPhone Developer";
				COPY_PHASE_STRIP = NO;
				DEBUG_INFORMATION_FORMAT = dwarf;
				ENABLE_STRICT_OBJC_MSGSEND = YES;
				ENABLE_TESTABILITY = YES;
				GCC_C_LANGUAGE_STANDARD = gnu99;
				GCC_DYNAMIC_NO_PIC = NO;
				GCC_NO_COMMON_BLOCKS = YES;
				GCC_OPTIMIZATION_LEVEL = 0;
				GCC_PREPROCESSOR_DEFINITIONS = (
					"DEBUG=1",
					"$(inherited)",
				);
				GCC_WARN_64_TO_32_BIT_CONVERSION = YES;
				GCC_WARN_ABOUT_RETURN_TYPE = YES_ERROR;
				GCC_WARN_UNDECLARED_SELECTOR = YES;
				GCC_WARN_UNINITIALIZED_AUTOS = YES_AGGRESSIVE;
				GCC_WARN_UNUSED_FUNCTION = YES;
				GCC_WARN_UNUSED_VARIABLE = YES;
				IPHONEOS_DEPLOYMENT_TARGET = 10.3;
				MTL_ENABLE_DEBUG_INFO = YES;
				ONLY_ACTIVE_ARCH = YES;
				SDKROOT = iphoneos;
				SWIFT_ACTIVE_COMPILATION_CONDITIONS = DEBUG;
				SWIFT_OPTIMIZATION_LEVEL = "-Onone";
			};
			name = Debug;
		};
		B879B1F41E991A8100E3F4C2 /* Release */ = {
			isa = XCBuildConfiguration;
			buildSettings = {
				ALWAYS_SEARCH_USER_PATHS = NO;
				CLANG_ANALYZER_NONNULL = YES;
				CLANG_ANALYZER_NUMBER_OBJECT_CONVERSION = YES_AGGRESSIVE;
				CLANG_CXX_LANGUAGE_STANDARD = "gnu++0x";
				CLANG_CXX_LIBRARY = "libc++";
				CLANG_ENABLE_MODULES = YES;
				CLANG_ENABLE_OBJC_ARC = YES;
				CLANG_WARN_BOOL_CONVERSION = YES;
				CLANG_WARN_CONSTANT_CONVERSION = YES;
				CLANG_WARN_DIRECT_OBJC_ISA_USAGE = YES_ERROR;
				CLANG_WARN_DOCUMENTATION_COMMENTS = YES;
				CLANG_WARN_EMPTY_BODY = YES;
				CLANG_WARN_ENUM_CONVERSION = YES;
				CLANG_WARN_INFINITE_RECURSION = YES;
				CLANG_WARN_INT_CONVERSION = YES;
				CLANG_WARN_OBJC_ROOT_CLASS = YES_ERROR;
				CLANG_WARN_SUSPICIOUS_MOVE = YES;
				CLANG_WARN_UNREACHABLE_CODE = YES;
				CLANG_WARN__DUPLICATE_METHOD_MATCH = YES;
				"CODE_SIGN_IDENTITY[sdk=iphoneos*]" = "iPhone Developer";
				COPY_PHASE_STRIP = NO;
				DEBUG_INFORMATION_FORMAT = "dwarf-with-dsym";
				ENABLE_NS_ASSERTIONS = NO;
				ENABLE_STRICT_OBJC_MSGSEND = YES;
				GCC_C_LANGUAGE_STANDARD = gnu99;
				GCC_NO_COMMON_BLOCKS = YES;
				GCC_WARN_64_TO_32_BIT_CONVERSION = YES;
				GCC_WARN_ABOUT_RETURN_TYPE = YES_ERROR;
				GCC_WARN_UNDECLARED_SELECTOR = YES;
				GCC_WARN_UNINITIALIZED_AUTOS = YES_AGGRESSIVE;
				GCC_WARN_UNUSED_FUNCTION = YES;
				GCC_WARN_UNUSED_VARIABLE = YES;
				IPHONEOS_DEPLOYMENT_TARGET = 10.3;
				MTL_ENABLE_DEBUG_INFO = NO;
				SDKROOT = iphoneos;
				SWIFT_OPTIMIZATION_LEVEL = "-Owholemodule";
				VALIDATE_PRODUCT = YES;
			};
			name = Release;
		};
		B879B1F61E991A8100E3F4C2 /* Debug */ = {
			isa = XCBuildConfiguration;
			baseConfigurationReference = C98616AFCC569A0D0A7ACA86 /* Pods-TIPR.debug.xcconfig */;
			buildSettings = {
				ASSETCATALOG_COMPILER_APPICON_NAME = AppIcon;
				INFOPLIST_FILE = TIPR/Info.plist;
				LD_RUNPATH_SEARCH_PATHS = "$(inherited) @executable_path/Frameworks";
				PRODUCT_BUNDLE_IDENTIFIER = com.thinkful.TIPR;
				PRODUCT_NAME = "$(TARGET_NAME)";
				SWIFT_VERSION = 3.0;
			};
			name = Debug;
		};
		B879B1F71E991A8100E3F4C2 /* Release */ = {
			isa = XCBuildConfiguration;
			baseConfigurationReference = 49C6952350457F313C26D11D /* Pods-TIPR.release.xcconfig */;
			buildSettings = {
				ASSETCATALOG_COMPILER_APPICON_NAME = AppIcon;
				INFOPLIST_FILE = TIPR/Info.plist;
				LD_RUNPATH_SEARCH_PATHS = "$(inherited) @executable_path/Frameworks";
				PRODUCT_BUNDLE_IDENTIFIER = com.thinkful.TIPR;
				PRODUCT_NAME = "$(TARGET_NAME)";
				SWIFT_VERSION = 3.0;
			};
			name = Release;
		};
		B879B1F91E991A8100E3F4C2 /* Debug */ = {
			isa = XCBuildConfiguration;
			baseConfigurationReference = 305D6F707E2689F07DA56DD6 /* Pods-TIPRTests.debug.xcconfig */;
			buildSettings = {
				ALWAYS_EMBED_SWIFT_STANDARD_LIBRARIES = YES;
				BUNDLE_LOADER = "$(TEST_HOST)";
				INFOPLIST_FILE = TIPRTests/Info.plist;
				LD_RUNPATH_SEARCH_PATHS = "$(inherited) @executable_path/Frameworks @loader_path/Frameworks";
				PRODUCT_BUNDLE_IDENTIFIER = com.thinkful.TIPRTests;
				PRODUCT_NAME = "$(TARGET_NAME)";
				SWIFT_VERSION = 3.0;
				TEST_HOST = "$(BUILT_PRODUCTS_DIR)/TIPR.app/TIPR";
			};
			name = Debug;
		};
		B879B1FA1E991A8100E3F4C2 /* Release */ = {
			isa = XCBuildConfiguration;
			baseConfigurationReference = 9A7FC386FAB61E645AF55C33 /* Pods-TIPRTests.release.xcconfig */;
			buildSettings = {
				ALWAYS_EMBED_SWIFT_STANDARD_LIBRARIES = YES;
				BUNDLE_LOADER = "$(TEST_HOST)";
				INFOPLIST_FILE = TIPRTests/Info.plist;
				LD_RUNPATH_SEARCH_PATHS = "$(inherited) @executable_path/Frameworks @loader_path/Frameworks";
				PRODUCT_BUNDLE_IDENTIFIER = com.thinkful.TIPRTests;
				PRODUCT_NAME = "$(TARGET_NAME)";
				SWIFT_VERSION = 3.0;
				TEST_HOST = "$(BUILT_PRODUCTS_DIR)/TIPR.app/TIPR";
			};
			name = Release;
		};
		B879B1FC1E991A8100E3F4C2 /* Debug */ = {
			isa = XCBuildConfiguration;
			baseConfigurationReference = B99F65DDF9479A436BF83CD4 /* Pods-TIPRUITests.debug.xcconfig */;
			buildSettings = {
				ALWAYS_EMBED_SWIFT_STANDARD_LIBRARIES = YES;
				INFOPLIST_FILE = TIPRUITests/Info.plist;
				LD_RUNPATH_SEARCH_PATHS = "$(inherited) @executable_path/Frameworks @loader_path/Frameworks";
				PRODUCT_BUNDLE_IDENTIFIER = com.thinkful.TIPRUITests;
				PRODUCT_NAME = "$(TARGET_NAME)";
				SWIFT_VERSION = 3.0;
				TEST_TARGET_NAME = TIPR;
			};
			name = Debug;
		};
		B879B1FD1E991A8100E3F4C2 /* Release */ = {
			isa = XCBuildConfiguration;
			baseConfigurationReference = C2F666335C0562C6CB38BC2C /* Pods-TIPRUITests.release.xcconfig */;
			buildSettings = {
				ALWAYS_EMBED_SWIFT_STANDARD_LIBRARIES = YES;
				INFOPLIST_FILE = TIPRUITests/Info.plist;
				LD_RUNPATH_SEARCH_PATHS = "$(inherited) @executable_path/Frameworks @loader_path/Frameworks";
				PRODUCT_BUNDLE_IDENTIFIER = com.thinkful.TIPRUITests;
				PRODUCT_NAME = "$(TARGET_NAME)";
				SWIFT_VERSION = 3.0;
				TEST_TARGET_NAME = TIPR;
			};
			name = Release;
		};
/* End XCBuildConfiguration section */

/* Begin XCConfigurationList section */
		B879B1C81E991A8100E3F4C2 /* Build configuration list for PBXProject "TIPR" */ = {
			isa = XCConfigurationList;
			buildConfigurations = (
				B879B1F31E991A8100E3F4C2 /* Debug */,
				B879B1F41E991A8100E3F4C2 /* Release */,
			);
			defaultConfigurationIsVisible = 0;
			defaultConfigurationName = Release;
		};
		B879B1F51E991A8100E3F4C2 /* Build configuration list for PBXNativeTarget "TIPR" */ = {
			isa = XCConfigurationList;
			buildConfigurations = (
				B879B1F61E991A8100E3F4C2 /* Debug */,
				B879B1F71E991A8100E3F4C2 /* Release */,
			);
			defaultConfigurationIsVisible = 0;
			defaultConfigurationName = Release;
		};
		B879B1F81E991A8100E3F4C2 /* Build configuration list for PBXNativeTarget "TIPRTests" */ = {
			isa = XCConfigurationList;
			buildConfigurations = (
				B879B1F91E991A8100E3F4C2 /* Debug */,
				B879B1FA1E991A8100E3F4C2 /* Release */,
			);
			defaultConfigurationIsVisible = 0;
			defaultConfigurationName = Release;
		};
		B879B1FB1E991A8100E3F4C2 /* Build configuration list for PBXNativeTarget "TIPRUITests" */ = {
			isa = XCConfigurationList;
			buildConfigurations = (
				B879B1FC1E991A8100E3F4C2 /* Debug */,
				B879B1FD1E991A8100E3F4C2 /* Release */,
			);
			defaultConfigurationIsVisible = 0;
			defaultConfigurationName = Release;
		};
/* End XCConfigurationList section */
	};
	rootObject = B879B1C51E991A8100E3F4C2 /* Project object */;
}
